// !$*UTF8*$!
{
	archiveVersion = 1;
	classes = {
	};
	objectVersion = 46;
	objects = {

/* Begin PBXBuildFile section */
		3E39174D1B77F6F800F72EC5 /* AppDelegate.swift in Sources */ = {isa = PBXBuildFile; fileRef = 3E39174C1B77F6F800F72EC5 /* AppDelegate.swift */; };
		3E3917511B77F6F800F72EC5 /* Images.xcassets in Resources */ = {isa = PBXBuildFile; fileRef = 3E3917501B77F6F800F72EC5 /* Images.xcassets */; };
		3E3917541B77F6F800F72EC5 /* Main.storyboard in Resources */ = {isa = PBXBuildFile; fileRef = 3E3917521B77F6F800F72EC5 /* Main.storyboard */; };
		3E3917601B77F6F900F72EC5 /* FledgerMacTests.swift in Sources */ = {isa = PBXBuildFile; fileRef = 3E39175F1B77F6F900F72EC5 /* FledgerMacTests.swift */; };
		3E3917721B77F7D700F72EC5 /* FledgerCommon.framework in Frameworks */ = {isa = PBXBuildFile; fileRef = 3E3917691B77F76100F72EC5 /* FledgerCommon.framework */; };
		3E3917731B77F7D700F72EC5 /* FledgerCommon.framework in Embed Frameworks */ = {isa = PBXBuildFile; fileRef = 3E3917691B77F76100F72EC5 /* FledgerCommon.framework */; settings = {ATTRIBUTES = (CodeSignOnCopy, RemoveHeadersOnCopy, ); }; };
		3E39195D1B81448F00F72EC5 /* LoginViewController.swift in Sources */ = {isa = PBXBuildFile; fileRef = 3E39195C1B81448F00F72EC5 /* LoginViewController.swift */; };
		3E3919661B81608E00F72EC5 /* AppColors.swift in Sources */ = {isa = PBXBuildFile; fileRef = 3E3919651B81608E00F72EC5 /* AppColors.swift */; };
		3E39196E1B81616F00F72EC5 /* AppStyling.swift in Sources */ = {isa = PBXBuildFile; fileRef = 3E39196D1B81616F00F72EC5 /* AppStyling.swift */; };
		3E3919701B81630600F72EC5 /* MainTabViewController.swift in Sources */ = {isa = PBXBuildFile; fileRef = 3E39196F1B81630600F72EC5 /* MainTabViewController.swift */; };
		3E3919741B81637D00F72EC5 /* ItemsViewController.swift in Sources */ = {isa = PBXBuildFile; fileRef = 3E3919731B81637D00F72EC5 /* ItemsViewController.swift */; };
		3E3919761B81638800F72EC5 /* OverviewViewController.swift in Sources */ = {isa = PBXBuildFile; fileRef = 3E3919751B81638800F72EC5 /* OverviewViewController.swift */; };
		3E3919781B816DCE00F72EC5 /* AppWindowController.swift in Sources */ = {isa = PBXBuildFile; fileRef = 3E3919771B816DCE00F72EC5 /* AppWindowController.swift */; };
		3EBA5B9E1BA6071E00BB5C5A /* ItemsTableView.swift in Sources */ = {isa = PBXBuildFile; fileRef = 3EBA5B9D1BA6071E00BB5C5A /* ItemsTableView.swift */; };
		3EBA5BA11BA6392E00BB5C5A /* ItemsTableCellEnum.swift in Sources */ = {isa = PBXBuildFile; fileRef = 3EBA5BA01BA6392E00BB5C5A /* ItemsTableCellEnum.swift */; };
		3EBA5BAB1BA64CAC00BB5C5A /* AppMenuItem.swift in Sources */ = {isa = PBXBuildFile; fileRef = 3EBA5BAA1BA64CAC00BB5C5A /* AppMenuItem.swift */; };
		3EBA5BAE1BA64CEE00BB5C5A /* LogoutMenuItem.swift in Sources */ = {isa = PBXBuildFile; fileRef = 3EBA5BAD1BA64CEE00BB5C5A /* LogoutMenuItem.swift */; };
		68D7A8E4F014BEFFE93D583C /* Pods.framework in Frameworks */ = {isa = PBXBuildFile; fileRef = 5B979BC744FE4FF097710913 /* Pods.framework */; settings = {ATTRIBUTES = (Weak, ); }; };
/* End PBXBuildFile section */

/* Begin PBXContainerItemProxy section */
		3E39175A1B77F6F900F72EC5 /* PBXContainerItemProxy */ = {
			isa = PBXContainerItemProxy;
			containerPortal = 3E39173F1B77F6F800F72EC5 /* Project object */;
			proxyType = 1;
			remoteGlobalIDString = 3E3917461B77F6F800F72EC5;
			remoteInfo = FledgerMac;
		};
/* End PBXContainerItemProxy section */

/* Begin PBXCopyFilesBuildPhase section */
		3E3917741B77F7D700F72EC5 /* Embed Frameworks */ = {
			isa = PBXCopyFilesBuildPhase;
			buildActionMask = 2147483647;
			dstPath = "";
			dstSubfolderSpec = 10;
			files = (
				3E3917731B77F7D700F72EC5 /* FledgerCommon.framework in Embed Frameworks */,
			);
			name = "Embed Frameworks";
			runOnlyForDeploymentPostprocessing = 0;
		};
/* End PBXCopyFilesBuildPhase section */

/* Begin PBXFileReference section */
		141C81FC48419CDD44786A03 /* Pods.debug.xcconfig */ = {isa = PBXFileReference; includeInIndex = 1; lastKnownFileType = text.xcconfig; name = Pods.debug.xcconfig; path = "Pods/Target Support Files/Pods/Pods.debug.xcconfig"; sourceTree = "<group>"; };
		3E3917471B77F6F800F72EC5 /* FledgerMac.app */ = {isa = PBXFileReference; explicitFileType = wrapper.application; includeInIndex = 0; path = FledgerMac.app; sourceTree = BUILT_PRODUCTS_DIR; };
		3E39174B1B77F6F800F72EC5 /* Info.plist */ = {isa = PBXFileReference; lastKnownFileType = text.plist.xml; path = Info.plist; sourceTree = "<group>"; };
		3E39174C1B77F6F800F72EC5 /* AppDelegate.swift */ = {isa = PBXFileReference; lastKnownFileType = sourcecode.swift; path = AppDelegate.swift; sourceTree = "<group>"; };
		3E3917501B77F6F800F72EC5 /* Images.xcassets */ = {isa = PBXFileReference; lastKnownFileType = folder.assetcatalog; path = Images.xcassets; sourceTree = "<group>"; };
		3E3917531B77F6F800F72EC5 /* Base */ = {isa = PBXFileReference; lastKnownFileType = file.storyboard; name = Base; path = Base.lproj/Main.storyboard; sourceTree = "<group>"; };
		3E3917591B77F6F900F72EC5 /* FledgerMacTests.xctest */ = {isa = PBXFileReference; explicitFileType = wrapper.cfbundle; includeInIndex = 0; path = FledgerMacTests.xctest; sourceTree = BUILT_PRODUCTS_DIR; };
		3E39175E1B77F6F900F72EC5 /* Info.plist */ = {isa = PBXFileReference; lastKnownFileType = text.plist.xml; path = Info.plist; sourceTree = "<group>"; };
		3E39175F1B77F6F900F72EC5 /* FledgerMacTests.swift */ = {isa = PBXFileReference; lastKnownFileType = sourcecode.swift; path = FledgerMacTests.swift; sourceTree = "<group>"; };
		3E3917691B77F76100F72EC5 /* FledgerCommon.framework */ = {isa = PBXFileReference; lastKnownFileType = wrapper.framework; name = FledgerCommon.framework; path = ../FledgerCommon/Build/Products/Debug/FledgerCommon.framework; sourceTree = "<group>"; };
		3E39195C1B81448F00F72EC5 /* LoginViewController.swift */ = {isa = PBXFileReference; fileEncoding = 4; lastKnownFileType = sourcecode.swift; path = LoginViewController.swift; sourceTree = "<group>"; };
		3E3919651B81608E00F72EC5 /* AppColors.swift */ = {isa = PBXFileReference; fileEncoding = 4; lastKnownFileType = sourcecode.swift; path = AppColors.swift; sourceTree = "<group>"; };
		3E39196D1B81616F00F72EC5 /* AppStyling.swift */ = {isa = PBXFileReference; fileEncoding = 4; lastKnownFileType = sourcecode.swift; path = AppStyling.swift; sourceTree = "<group>"; };
		3E39196F1B81630600F72EC5 /* MainTabViewController.swift */ = {isa = PBXFileReference; fileEncoding = 4; lastKnownFileType = sourcecode.swift; path = MainTabViewController.swift; sourceTree = "<group>"; };
		3E3919731B81637D00F72EC5 /* ItemsViewController.swift */ = {isa = PBXFileReference; fileEncoding = 4; lastKnownFileType = sourcecode.swift; path = ItemsViewController.swift; sourceTree = "<group>"; };
		3E3919751B81638800F72EC5 /* OverviewViewController.swift */ = {isa = PBXFileReference; fileEncoding = 4; lastKnownFileType = sourcecode.swift; path = OverviewViewController.swift; sourceTree = "<group>"; };
		3E3919771B816DCE00F72EC5 /* AppWindowController.swift */ = {isa = PBXFileReference; fileEncoding = 4; lastKnownFileType = sourcecode.swift; path = AppWindowController.swift; sourceTree = "<group>"; };
		3EBA5B9D1BA6071E00BB5C5A /* ItemsTableView.swift */ = {isa = PBXFileReference; fileEncoding = 4; lastKnownFileType = sourcecode.swift; path = ItemsTableView.swift; sourceTree = "<group>"; };
		3EBA5BA01BA6392E00BB5C5A /* ItemsTableCellEnum.swift */ = {isa = PBXFileReference; fileEncoding = 4; lastKnownFileType = sourcecode.swift; path = ItemsTableCellEnum.swift; sourceTree = "<group>"; };
		3EBA5BAA1BA64CAC00BB5C5A /* AppMenuItem.swift */ = {isa = PBXFileReference; fileEncoding = 4; lastKnownFileType = sourcecode.swift; path = AppMenuItem.swift; sourceTree = "<group>"; };
		3EBA5BAD1BA64CEE00BB5C5A /* LogoutMenuItem.swift */ = {isa = PBXFileReference; fileEncoding = 4; lastKnownFileType = sourcecode.swift; path = LogoutMenuItem.swift; sourceTree = "<group>"; };
		5B979BC744FE4FF097710913 /* Pods.framework */ = {isa = PBXFileReference; explicitFileType = wrapper.framework; includeInIndex = 0; path = Pods.framework; sourceTree = BUILT_PRODUCTS_DIR; };
		BAD81F8D804C2B17B642CF47 /* Pods.release.xcconfig */ = {isa = PBXFileReference; includeInIndex = 1; lastKnownFileType = text.xcconfig; name = Pods.release.xcconfig; path = "Pods/Target Support Files/Pods/Pods.release.xcconfig"; sourceTree = "<group>"; };
/* End PBXFileReference section */

/* Begin PBXFrameworksBuildPhase section */
		3E3917441B77F6F800F72EC5 /* Frameworks */ = {
			isa = PBXFrameworksBuildPhase;
			buildActionMask = 2147483647;
			files = (
				3E3917721B77F7D700F72EC5 /* FledgerCommon.framework in Frameworks */,
				68D7A8E4F014BEFFE93D583C /* Pods.framework in Frameworks */,
			);
			runOnlyForDeploymentPostprocessing = 0;
		};
		3E3917561B77F6F900F72EC5 /* Frameworks */ = {
			isa = PBXFrameworksBuildPhase;
			buildActionMask = 2147483647;
			files = (
			);
			runOnlyForDeploymentPostprocessing = 0;
		};
/* End PBXFrameworksBuildPhase section */

/* Begin PBXGroup section */
		2468E3D3F3CBEFEF8210332B /* Frameworks */ = {
			isa = PBXGroup;
			children = (
				5B979BC744FE4FF097710913 /* Pods.framework */,
			);
			name = Frameworks;
			sourceTree = "<group>";
		};
		3E39173E1B77F6F800F72EC5 = {
			isa = PBXGroup;
			children = (
				3E3917691B77F76100F72EC5 /* FledgerCommon.framework */,
				3E3917491B77F6F800F72EC5 /* FledgerMac */,
				3E39175C1B77F6F900F72EC5 /* FledgerMacTests */,
				3E3917481B77F6F800F72EC5 /* Products */,
				675CDEF9CC3AB904A538BA66 /* Pods */,
				2468E3D3F3CBEFEF8210332B /* Frameworks */,
			);
			sourceTree = "<group>";
		};
		3E3917481B77F6F800F72EC5 /* Products */ = {
			isa = PBXGroup;
			children = (
				3E3917471B77F6F800F72EC5 /* FledgerMac.app */,
				3E3917591B77F6F900F72EC5 /* FledgerMacTests.xctest */,
			);
			name = Products;
			sourceTree = "<group>";
		};
		3E3917491B77F6F800F72EC5 /* FledgerMac */ = {
			isa = PBXGroup;
			children = (
				3E3919641B81607F00F72EC5 /* ui */,
				3EBA5BA91BA64C9900BB5C5A /* menu */,
				3E39195B1B81446A00F72EC5 /* controllers */,
				3E39174C1B77F6F800F72EC5 /* AppDelegate.swift */,
				3E3917501B77F6F800F72EC5 /* Images.xcassets */,
				3E3917521B77F6F800F72EC5 /* Main.storyboard */,
				3E39174A1B77F6F800F72EC5 /* Supporting Files */,
			);
			path = FledgerMac;
			sourceTree = "<group>";
		};
		3E39174A1B77F6F800F72EC5 /* Supporting Files */ = {
			isa = PBXGroup;
			children = (
				3E39174B1B77F6F800F72EC5 /* Info.plist */,
			);
			name = "Supporting Files";
			sourceTree = "<group>";
		};
		3E39175C1B77F6F900F72EC5 /* FledgerMacTests */ = {
			isa = PBXGroup;
			children = (
				3E39175F1B77F6F900F72EC5 /* FledgerMacTests.swift */,
				3E39175D1B77F6F900F72EC5 /* Supporting Files */,
			);
			path = FledgerMacTests;
			sourceTree = "<group>";
		};
		3E39175D1B77F6F900F72EC5 /* Supporting Files */ = {
			isa = PBXGroup;
			children = (
				3E39175E1B77F6F900F72EC5 /* Info.plist */,
			);
			name = "Supporting Files";
			sourceTree = "<group>";
		};
		3E39195B1B81446A00F72EC5 /* controllers */ = {
			isa = PBXGroup;
			children = (
				3E3919721B81636A00F72EC5 /* overview */,
				3E3919711B81636000F72EC5 /* item */,
				3E39195C1B81448F00F72EC5 /* LoginViewController.swift */,
				3E39196F1B81630600F72EC5 /* MainTabViewController.swift */,
				3E3919771B816DCE00F72EC5 /* AppWindowController.swift */,
			);
			name = controllers;
			sourceTree = "<group>";
		};
		3E3919641B81607F00F72EC5 /* ui */ = {
			isa = PBXGroup;
			children = (
				3E3919651B81608E00F72EC5 /* AppColors.swift */,
				3E39196D1B81616F00F72EC5 /* AppStyling.swift */,
			);
			name = ui;
			sourceTree = "<group>";
		};
		3E3919711B81636000F72EC5 /* item */ = {
			isa = PBXGroup;
			children = (
				3E3919731B81637D00F72EC5 /* ItemsViewController.swift */,
				3EBA5B9D1BA6071E00BB5C5A /* ItemsTableView.swift */,
				3EBA5BA01BA6392E00BB5C5A /* ItemsTableCellEnum.swift */,
			);
			name = item;
			sourceTree = "<group>";
		};
		3E3919721B81636A00F72EC5 /* overview */ = {
			isa = PBXGroup;
			children = (
				3E3919751B81638800F72EC5 /* OverviewViewController.swift */,
			);
			name = overview;
			sourceTree = "<group>";
		};
		3EBA5BA91BA64C9900BB5C5A /* menu */ = {
			isa = PBXGroup;
			children = (
				3EBA5BAC1BA64CE100BB5C5A /* main */,
				3EBA5BAA1BA64CAC00BB5C5A /* AppMenuItem.swift */,
			);
			name = menu;
			sourceTree = "<group>";
		};
		3EBA5BAC1BA64CE100BB5C5A /* main */ = {
			isa = PBXGroup;
			children = (
				3EBA5BAD1BA64CEE00BB5C5A /* LogoutMenuItem.swift */,
			);
			name = main;
			sourceTree = "<group>";
		};
		675CDEF9CC3AB904A538BA66 /* Pods */ = {
			isa = PBXGroup;
			children = (
				141C81FC48419CDD44786A03 /* Pods.debug.xcconfig */,
				BAD81F8D804C2B17B642CF47 /* Pods.release.xcconfig */,
			);
			name = Pods;
			sourceTree = "<group>";
		};
/* End PBXGroup section */

/* Begin PBXNativeTarget section */
		3E3917461B77F6F800F72EC5 /* FledgerMac */ = {
			isa = PBXNativeTarget;
			buildConfigurationList = 3E3917631B77F6F900F72EC5 /* Build configuration list for PBXNativeTarget "FledgerMac" */;
			buildPhases = (
				812E3A3E07CC1B68E56BD4EF /* Check Pods Manifest.lock */,
				3E3917431B77F6F800F72EC5 /* Sources */,
				3E3917441B77F6F800F72EC5 /* Frameworks */,
				3E3917451B77F6F800F72EC5 /* Resources */,
				3E3917741B77F7D700F72EC5 /* Embed Frameworks */,
				87E03F4A69739AB23936B7B1 /* Embed Pods Frameworks */,
				62D551E8E91E930A786964CD /* Copy Pods Resources */,
			);
			buildRules = (
			);
			dependencies = (
			);
			name = FledgerMac;
			productName = FledgerMac;
			productReference = 3E3917471B77F6F800F72EC5 /* FledgerMac.app */;
			productType = "com.apple.product-type.application";
		};
		3E3917581B77F6F900F72EC5 /* FledgerMacTests */ = {
			isa = PBXNativeTarget;
			buildConfigurationList = 3E3917661B77F6F900F72EC5 /* Build configuration list for PBXNativeTarget "FledgerMacTests" */;
			buildPhases = (
				3E3917551B77F6F900F72EC5 /* Sources */,
				3E3917561B77F6F900F72EC5 /* Frameworks */,
				3E3917571B77F6F900F72EC5 /* Resources */,
			);
			buildRules = (
			);
			dependencies = (
				3E39175B1B77F6F900F72EC5 /* PBXTargetDependency */,
			);
			name = FledgerMacTests;
			productName = FledgerMacTests;
			productReference = 3E3917591B77F6F900F72EC5 /* FledgerMacTests.xctest */;
			productType = "com.apple.product-type.bundle.unit-test";
		};
/* End PBXNativeTarget section */

/* Begin PBXProject section */
		3E39173F1B77F6F800F72EC5 /* Project object */ = {
			isa = PBXProject;
			attributes = {
				LastUpgradeCheck = 0640;
				ORGANIZATIONNAME = "Robert Conrad";
				TargetAttributes = {
					3E3917461B77F6F800F72EC5 = {
						CreatedOnToolsVersion = 6.4;
						DevelopmentTeam = 6QGVA9LTPG;
					};
					3E3917581B77F6F900F72EC5 = {
						CreatedOnToolsVersion = 6.4;
						TestTargetID = 3E3917461B77F6F800F72EC5;
					};
				};
			};
			buildConfigurationList = 3E3917421B77F6F800F72EC5 /* Build configuration list for PBXProject "FledgerMac" */;
			compatibilityVersion = "Xcode 3.2";
			developmentRegion = English;
			hasScannedForEncodings = 0;
			knownRegions = (
				en,
				Base,
			);
			mainGroup = 3E39173E1B77F6F800F72EC5;
			productRefGroup = 3E3917481B77F6F800F72EC5 /* Products */;
			projectDirPath = "";
			projectRoot = "";
			targets = (
				3E3917461B77F6F800F72EC5 /* FledgerMac */,
				3E3917581B77F6F900F72EC5 /* FledgerMacTests */,
			);
		};
/* End PBXProject section */

/* Begin PBXResourcesBuildPhase section */
		3E3917451B77F6F800F72EC5 /* Resources */ = {
			isa = PBXResourcesBuildPhase;
			buildActionMask = 2147483647;
			files = (
				3E3917511B77F6F800F72EC5 /* Images.xcassets in Resources */,
				3E3917541B77F6F800F72EC5 /* Main.storyboard in Resources */,
			);
			runOnlyForDeploymentPostprocessing = 0;
		};
		3E3917571B77F6F900F72EC5 /* Resources */ = {
			isa = PBXResourcesBuildPhase;
			buildActionMask = 2147483647;
			files = (
			);
			runOnlyForDeploymentPostprocessing = 0;
		};
/* End PBXResourcesBuildPhase section */

/* Begin PBXShellScriptBuildPhase section */
		62D551E8E91E930A786964CD /* Copy Pods Resources */ = {
			isa = PBXShellScriptBuildPhase;
			buildActionMask = 2147483647;
			files = (
			);
			inputPaths = (
			);
			name = "Copy Pods Resources";
			outputPaths = (
			);
			runOnlyForDeploymentPostprocessing = 0;
			shellPath = /bin/sh;
			shellScript = "\"${SRCROOT}/Pods/Target Support Files/Pods/Pods-resources.sh\"\n";
			showEnvVarsInLog = 0;
		};
		812E3A3E07CC1B68E56BD4EF /* Check Pods Manifest.lock */ = {
			isa = PBXShellScriptBuildPhase;
			buildActionMask = 2147483647;
			files = (
			);
			inputPaths = (
			);
			name = "Check Pods Manifest.lock";
			outputPaths = (
			);
			runOnlyForDeploymentPostprocessing = 0;
			shellPath = /bin/sh;
			shellScript = "diff \"${PODS_ROOT}/../Podfile.lock\" \"${PODS_ROOT}/Manifest.lock\" > /dev/null\nif [[ $? != 0 ]] ; then\n    cat << EOM\nerror: The sandbox is not in sync with the Podfile.lock. Run 'pod install' or update your CocoaPods installation.\nEOM\n    exit 1\nfi\n";
			showEnvVarsInLog = 0;
		};
		87E03F4A69739AB23936B7B1 /* Embed Pods Frameworks */ = {
			isa = PBXShellScriptBuildPhase;
			buildActionMask = 2147483647;
			files = (
			);
			inputPaths = (
			);
			name = "Embed Pods Frameworks";
			outputPaths = (
			);
			runOnlyForDeploymentPostprocessing = 0;
			shellPath = /bin/sh;
			shellScript = "\"${SRCROOT}/Pods/Target Support Files/Pods/Pods-frameworks.sh\"\n";
			showEnvVarsInLog = 0;
		};
/* End PBXShellScriptBuildPhase section */

/* Begin PBXSourcesBuildPhase section */
		3E3917431B77F6F800F72EC5 /* Sources */ = {
			isa = PBXSourcesBuildPhase;
			buildActionMask = 2147483647;
			files = (
				3EBA5BA11BA6392E00BB5C5A /* ItemsTableCellEnum.swift in Sources */,
				3EBA5BAE1BA64CEE00BB5C5A /* LogoutMenuItem.swift in Sources */,
				3E3919701B81630600F72EC5 /* MainTabViewController.swift in Sources */,
				3E3919781B816DCE00F72EC5 /* AppWindowController.swift in Sources */,
				3E3919741B81637D00F72EC5 /* ItemsViewController.swift in Sources */,
				3E3919761B81638800F72EC5 /* OverviewViewController.swift in Sources */,
				3EBA5BAB1BA64CAC00BB5C5A /* AppMenuItem.swift in Sources */,
				3E3919661B81608E00F72EC5 /* AppColors.swift in Sources */,
				3E39195D1B81448F00F72EC5 /* LoginViewController.swift in Sources */,
				3EBA5B9E1BA6071E00BB5C5A /* ItemsTableView.swift in Sources */,
				3E39196E1B81616F00F72EC5 /* AppStyling.swift in Sources */,
				3E39174D1B77F6F800F72EC5 /* AppDelegate.swift in Sources */,
			);
			runOnlyForDeploymentPostprocessing = 0;
		};
		3E3917551B77F6F900F72EC5 /* Sources */ = {
			isa = PBXSourcesBuildPhase;
			buildActionMask = 2147483647;
			files = (
				3E3917601B77F6F900F72EC5 /* FledgerMacTests.swift in Sources */,
			);
			runOnlyForDeploymentPostprocessing = 0;
		};
/* End PBXSourcesBuildPhase section */

/* Begin PBXTargetDependency section */
		3E39175B1B77F6F900F72EC5 /* PBXTargetDependency */ = {
			isa = PBXTargetDependency;
			target = 3E3917461B77F6F800F72EC5 /* FledgerMac */;
			targetProxy = 3E39175A1B77F6F900F72EC5 /* PBXContainerItemProxy */;
		};
/* End PBXTargetDependency section */

/* Begin PBXVariantGroup section */
		3E3917521B77F6F800F72EC5 /* Main.storyboard */ = {
			isa = PBXVariantGroup;
			children = (
				3E3917531B77F6F800F72EC5 /* Base */,
			);
			name = Main.storyboard;
			sourceTree = "<group>";
		};
/* End PBXVariantGroup section */

/* Begin XCBuildConfiguration section */
		3E3917611B77F6F900F72EC5 /* Debug */ = {
			isa = XCBuildConfiguration;
			buildSettings = {
				ALWAYS_SEARCH_USER_PATHS = NO;
				CLANG_CXX_LANGUAGE_STANDARD = "gnu++0x";
				CLANG_CXX_LIBRARY = "libc++";
				CLANG_ENABLE_MODULES = YES;
				CLANG_ENABLE_OBJC_ARC = YES;
				CLANG_WARN_BOOL_CONVERSION = YES;
				CLANG_WARN_CONSTANT_CONVERSION = YES;
				CLANG_WARN_DIRECT_OBJC_ISA_USAGE = YES_ERROR;
				CLANG_WARN_EMPTY_BODY = YES;
				CLANG_WARN_ENUM_CONVERSION = YES;
				CLANG_WARN_INT_CONVERSION = YES;
				CLANG_WARN_OBJC_ROOT_CLASS = YES_ERROR;
				CLANG_WARN_UNREACHABLE_CODE = YES;
				CLANG_WARN__DUPLICATE_METHOD_MATCH = YES;
				CODE_SIGN_IDENTITY = "-";
				COPY_PHASE_STRIP = NO;
				DEBUG_INFORMATION_FORMAT = dwarf;
				ENABLE_STRICT_OBJC_MSGSEND = YES;
				GCC_C_LANGUAGE_STANDARD = gnu99;
				GCC_DYNAMIC_NO_PIC = NO;
				GCC_NO_COMMON_BLOCKS = YES;
				GCC_OPTIMIZATION_LEVEL = 0;
				GCC_PREPROCESSOR_DEFINITIONS = (
					"DEBUG=1",
					"$(inherited)",
				);
				GCC_SYMBOLS_PRIVATE_EXTERN = NO;
				GCC_WARN_64_TO_32_BIT_CONVERSION = YES;
				GCC_WARN_ABOUT_RETURN_TYPE = YES_ERROR;
				GCC_WARN_UNDECLARED_SELECTOR = YES;
				GCC_WARN_UNINITIALIZED_AUTOS = YES_AGGRESSIVE;
				GCC_WARN_UNUSED_FUNCTION = YES;
				GCC_WARN_UNUSED_VARIABLE = YES;
				MACOSX_DEPLOYMENT_TARGET = 10.10;
				MTL_ENABLE_DEBUG_INFO = YES;
				ONLY_ACTIVE_ARCH = YES;
				SDKROOT = macosx;
				SWIFT_OPTIMIZATION_LEVEL = "-Onone";
			};
			name = Debug;
		};
		3E3917621B77F6F900F72EC5 /* Release */ = {
			isa = XCBuildConfiguration;
			buildSettings = {
				ALWAYS_SEARCH_USER_PATHS = NO;
				CLANG_CXX_LANGUAGE_STANDARD = "gnu++0x";
				CLANG_CXX_LIBRARY = "libc++";
				CLANG_ENABLE_MODULES = YES;
				CLANG_ENABLE_OBJC_ARC = YES;
				CLANG_WARN_BOOL_CONVERSION = YES;
				CLANG_WARN_CONSTANT_CONVERSION = YES;
				CLANG_WARN_DIRECT_OBJC_ISA_USAGE = YES_ERROR;
				CLANG_WARN_EMPTY_BODY = YES;
				CLANG_WARN_ENUM_CONVERSION = YES;
				CLANG_WARN_INT_CONVERSION = YES;
				CLANG_WARN_OBJC_ROOT_CLASS = YES_ERROR;
				CLANG_WARN_UNREACHABLE_CODE = YES;
				CLANG_WARN__DUPLICATE_METHOD_MATCH = YES;
				CODE_SIGN_IDENTITY = "-";
				COPY_PHASE_STRIP = NO;
				DEBUG_INFORMATION_FORMAT = "dwarf-with-dsym";
				ENABLE_NS_ASSERTIONS = NO;
				ENABLE_STRICT_OBJC_MSGSEND = YES;
				GCC_C_LANGUAGE_STANDARD = gnu99;
				GCC_NO_COMMON_BLOCKS = YES;
				GCC_WARN_64_TO_32_BIT_CONVERSION = YES;
				GCC_WARN_ABOUT_RETURN_TYPE = YES_ERROR;
				GCC_WARN_UNDECLARED_SELECTOR = YES;
				GCC_WARN_UNINITIALIZED_AUTOS = YES_AGGRESSIVE;
				GCC_WARN_UNUSED_FUNCTION = YES;
				GCC_WARN_UNUSED_VARIABLE = YES;
				MACOSX_DEPLOYMENT_TARGET = 10.10;
				MTL_ENABLE_DEBUG_INFO = NO;
				SDKROOT = macosx;
			};
			name = Release;
		};
		3E3917641B77F6F900F72EC5 /* Debug */ = {
			isa = XCBuildConfiguration;
			baseConfigurationReference = 141C81FC48419CDD44786A03 /* Pods.debug.xcconfig */;
			buildSettings = {
				ASSETCATALOG_COMPILER_APPICON_NAME = AppIcon;
				CODE_SIGN_IDENTITY = "Developer ID Application";
				COMBINE_HIDPI_IMAGES = YES;
				FRAMEWORK_SEARCH_PATHS = (
					"$(inherited)",
					"/Users/rconrad/Dropbox/macbook-air/Projects/FledgerCommon/Build/Products/Debug",
				);
				INFOPLIST_FILE = FledgerMac/Info.plist;
				LD_RUNPATH_SEARCH_PATHS = "$(inherited) @executable_path/../Frameworks";
				PRODUCT_NAME = "$(TARGET_NAME)";
			};
			name = Debug;
		};
		3E3917651B77F6F900F72EC5 /* Release */ = {
			isa = XCBuildConfiguration;
			baseConfigurationReference = BAD81F8D804C2B17B642CF47 /* Pods.release.xcconfig */;
			buildSettings = {
				ASSETCATALOG_COMPILER_APPICON_NAME = AppIcon;
				CODE_SIGN_IDENTITY = "Developer ID Application";
				COMBINE_HIDPI_IMAGES = YES;
				FRAMEWORK_SEARCH_PATHS = (
					"$(inherited)",
					"/Users/rconrad/Dropbox/macbook-air/Projects/FledgerCommon/Build/Products/Debug",
				);
				INFOPLIST_FILE = FledgerMac/Info.plist;
				LD_RUNPATH_SEARCH_PATHS = "$(inherited) @executable_path/../Frameworks";
				PRODUCT_NAME = "$(TARGET_NAME)";
			};
			name = Release;
		};
		3E3917671B77F6F900F72EC5 /* Debug */ = {
			isa = XCBuildConfiguration;
			buildSettings = {
				BUNDLE_LOADER = "$(TEST_HOST)";
				COMBINE_HIDPI_IMAGES = YES;
				FRAMEWORK_SEARCH_PATHS = (
					"$(DEVELOPER_FRAMEWORKS_DIR)",
					"$(inherited)",
				);
				GCC_PREPROCESSOR_DEFINITIONS = (
					"DEBUG=1",
					"$(inherited)",
				);
				INFOPLIST_FILE = FledgerMacTests/Info.plist;
				LD_RUNPATH_SEARCH_PATHS = "$(inherited) @executable_path/../Frameworks @loader_path/../Frameworks";
				PRODUCT_NAME = "$(TARGET_NAME)";
				TEST_HOST = "$(BUILT_PRODUCTS_DIR)/FledgerMac.app/Contents/MacOS/FledgerMac";
			};
			name = Debug;
		};
		3E3917681B77F6F900F72EC5 /* Release */ = {
			isa = XCBuildConfiguration;
			buildSettings = {
				BUNDLE_LOADER = "$(TEST_HOST)";
				COMBINE_HIDPI_IMAGES = YES;
				FRAMEWORK_SEARCH_PATHS = (
					"$(DEVELOPER_FRAMEWORKS_DIR)",
					"$(inherited)",
				);
				INFOPLIST_FILE = FledgerMacTests/Info.plist;
				LD_RUNPATH_SEARCH_PATHS = "$(inherited) @executable_path/../Frameworks @loader_path/../Frameworks";
				PRODUCT_NAME = "$(TARGET_NAME)";
				TEST_HOST = "$(BUILT_PRODUCTS_DIR)/FledgerMac.app/Contents/MacOS/FledgerMac";
			};
			name = Release;
		};
/* End XCBuildConfiguration section */

/* Begin XCConfigurationList section */
		3E3917421B77F6F800F72EC5 /* Build configuration list for PBXProject "FledgerMac" */ = {
			isa = XCConfigurationList;
			buildConfigurations = (
				3E3917611B77F6F900F72EC5 /* Debug */,
				3E3917621B77F6F900F72EC5 /* Release */,
			);
			defaultConfigurationIsVisible = 0;
			defaultConfigurationName = Release;
		};
		3E3917631B77F6F900F72EC5 /* Build configuration list for PBXNativeTarget "FledgerMac" */ = {
			isa = XCConfigurationList;
			buildConfigurations = (
				3E3917641B77F6F900F72EC5 /* Debug */,
				3E3917651B77F6F900F72EC5 /* Release */,
			);
			defaultConfigurationIsVisible = 0;
			defaultConfigurationName = Release;
		};
		3E3917661B77F6F900F72EC5 /* Build configuration list for PBXNativeTarget "FledgerMacTests" */ = {
			isa = XCConfigurationList;
			buildConfigurations = (
				3E3917671B77F6F900F72EC5 /* Debug */,
				3E3917681B77F6F900F72EC5 /* Release */,
			);
			defaultConfigurationIsVisible = 0;
			defaultConfigurationName = Release;
		};
/* End XCConfigurationList section */
	};
	rootObject = 3E39173F1B77F6F800F72EC5 /* Project object */;
}
